
Microsoft Visual Studio Solution File, Format Version 12.00
Project("{2150E333-8FDC-42A3-9474-1A3956D46DE8}") = "Solution Items", "Solution Items", "{6D33A0A9-BB6B-497F-B36C-95A028CD8B34}"
EndProject
Project("{FAE04EC0-301F-11D3-BF4B-00C04F79EFBC}") = "RunningPlanner.Core", "RunningPlanner.Core\RunningPlanner.Core.csproj", "{2E3509E8-4713-426D-B9C1-B874BBCA0B78}"
EndProject
Project("{FAE04EC0-301F-11D3-BF4B-00C04F79EFBC}") = "RunningPlanner.Tests", "RunningPlanner.Tests\RunningPlanner.Tests.csproj", "{BA372D3D-E00F-4A55-876A-5D82B930410F}"
EndProject
Global
	GlobalSection(SolutionConfigurationPlatforms) = preSolution
		Debug|Any CPU = Debug|Any CPU
		Release|Any CPU = Release|Any CPU
	EndGlobalSection
	GlobalSection(ProjectConfigurationPlatforms) = postSolution
		{2E3509E8-4713-426D-B9C1-B874BBCA0B78}.Debug|Any CPU.ActiveCfg = Debug|Any CPU
		{2E3509E8-4713-426D-B9C1-B874BBCA0B78}.Debug|Any CPU.Build.0 = Debug|Any CPU
		{2E3509E8-4713-426D-B9C1-B874BBCA0B78}.Release|Any CPU.ActiveCfg = Release|Any CPU
		{2E3509E8-4713-426D-B9C1-B874BBCA0B78}.Release|Any CPU.Build.0 = Release|Any CPU
		{BA372D3D-E00F-4A55-876A-5D82B930410F}.Debug|Any CPU.ActiveCfg = Debug|Any CPU
		{BA372D3D-E00F-4A55-876A-5D82B930410F}.Debug|Any CPU.Build.0 = Debug|Any CPU
		{BA372D3D-E00F-4A55-876A-5D82B930410F}.Release|Any CPU.ActiveCfg = Release|Any CPU
		{BA372D3D-E00F-4A55-876A-5D82B930410F}.Release|Any CPU.Build.0 = Release|Any CPU
	EndGlobalSection
EndGlobal
